<?xml version="1.0" encoding="UTF-8"?>
<Scheme LastUpgradeVersion="2700" version="1.7">
  <BuildAction parallelizeBuildables="YES" buildImplicitDependencies="YES">
    <BuildActionEntries><BuildActionEntry buildForTesting="YES" buildForRunning="YES" buildForProfiling="YES" buildForArchiving="YES" buildForAnalyzing="YES"><BuildableReference BuildableIdentifier="primary" BlueprintIdentifier="A30000000000000000000002" BuildableName="Naaseh-macOS.app" BlueprintName="Naaseh-macOS" ReferencedContainer="container:Naaseh.xcodeproj"/></BuildActionEntry><BuildActionEntry buildForTesting="YES" buildForRunning="NO" buildForProfiling="NO" buildForArchiving="NO" buildForAnalyzing="NO"><BuildableReference BuildableIdentifier="primary" BlueprintIdentifier="E50000000000000000000002" BuildableName="Naaseh-macOSUITests.xctest" BlueprintName="Naaseh-macOSUITests" ReferencedContainer="container:Naaseh.xcodeproj"/></BuildActionEntry></BuildActionEntries>
  </BuildAction>
  <TestAction buildConfiguration="Debug" shouldUseLaunchSchemeArgsEnv="YES"><Testables><TestableReference skipped="NO"><BuildableReference BuildableIdentifier="primary" BlueprintIdentifier="E50000000000000000000002" BuildableName="Naaseh-macOSUITests.xctest" BlueprintName="Naaseh-macOSUITests" ReferencedContainer="container:Naaseh.xcodeproj"/></TestableReference></Testables></TestAction>
  <LaunchAction buildConfiguration="Debug" launchStyle="0" useCustomWorkingDirectory="NO" ignoresPersistentStateOnLaunch="NO" debugDocumentVersioning="YES" debugServiceExtension="internal" allowLocationSimulation="YES"><BuildableProductRunnable runnableDebuggingMode="0"><BuildableReference BuildableIdentifier="primary" BlueprintIdentifier="A30000000000000000000002" BuildableName="Naaseh-macOS.app" BlueprintName="Naaseh-macOS" ReferencedContainer="container:Naaseh.xcodeproj"/></BuildableProductRunnable></LaunchAction>
  <ProfileAction buildConfiguration="TestFlight" shouldUseLaunchSchemeArgsEnv="YES" savedToolIdentifier="" useCustomWorkingDirectory="NO" debugDocumentVersioning="YES"/>
  <AnalyzeAction buildConfiguration="Debug"/>
  <ArchiveAction buildConfiguration="TestFlight" revealArchiveInOrganizer="YES"/>
</Scheme>
